
Microsoft Visual Studio Solution File, Format Version 12.00
# Visual Studio Version 16
VisualStudioVersion = 16.0.32413.511
MinimumVisualStudioVersion = 10.0.40219.1
Project("{FAE04EC0-301F-11D3-BF4B-00C04F79EFBC}") = "fill_board_8x8", "fill_board_8x8\fill_board_8x8.csproj", "{445580AE-3282-4FB3-87E1-65B533BFE27C}"
EndProject
Global
	GlobalSection(SolutionConfigurationPlatforms) = preSolution
		Debug|Any CPU = Debug|Any CPU
		Release|Any CPU = Release|Any CPU
	EndGlobalSection
	GlobalSection(ProjectConfigurationPlatforms) = postSolution
		{445580AE-3282-4FB3-87E1-65B533BFE27C}.Debug|Any CPU.ActiveCfg = Debug|Any CPU
		{445580AE-3282-4FB3-87E1-65B533BFE27C}.Debug|Any CPU.Build.0 = Debug|Any CPU
		{445580AE-3282-4FB3-87E1-65B533BFE27C}.Release|Any CPU.ActiveCfg = Release|Any CPU
		{445580AE-3282-4FB3-87E1-65B533BFE27C}.Release|Any CPU.Build.0 = Release|Any CPU
	EndGlobalSection
	GlobalSection(SolutionProperties) = preSolution
		HideSolutionNode = FALSE
	EndGlobalSection
	GlobalSection(ExtensibilityGlobals) = postSolution
		SolutionGuid = {49481CA4-BE06-4B6A-B709-C34245F503C4}
	EndGlobalSection
EndGlobal
